<?xml version="1.0" encoding="utf-8"?>
<Project ToolsVersion="4.0" xmlns="http://schemas.microsoft.com/developer/msbuild/2003">
  <ItemGroup>
    <Filter Include="gtest">
      <UniqueIdentifier>{a15fbb8c-8cf2-4949-83be-bf2144ebbd8d}</UniqueIdentifier>
    </Filter>
  </ItemGroup>
  <ItemGroup>
    <ClCompile Include="3rdparty\gtest\src\gtest-all.cc">
      <Filter>gtest</Filter>
    </ClCompile>
    <ClCompile Include="tests\main.cpp" />
    <ClCompile Include="tests\init_test.cpp" />
    <ClCompile Include="tests\recfile_test.cpp" />
    <ClCompile Include="tests\bnode_test.cpp" />
  </ItemGroup>
  <ItemGroup>
    <ClInclude Include="tests\treetestfix.h" />
  </ItemGroup>
</Project>