<?xml version="1.0" encoding="utf-8"?>
<Project ToolsVersion="4.0" xmlns="http://schemas.microsoft.com/developer/msbuild/2003">
  <ItemGroup>
    <ClCompile Include="src\btree.cpp" />
    <ClCompile Include="src\recordfile.cpp" />
  </ItemGroup>
  <ItemGroup>
    <ClInclude Include="include\btree\btree.h" />
    <ClInclude Include="include\btree\importexport.h" />
    <ClInclude Include="include\btree\btreenode.h" />
    <ClInclude Include="include\btree\recordfile.h" />
    <ClInclude Include="include\btree\stream.h" />
    <ClInclude Include="include\btree\podfilerecord.h" />
    <ClInclude Include="include\btree\filelocation.h" />
  </ItemGroup>
</Project>